// !$*UTF8*$!
{
	archiveVersion = 1;
	classes = {
	};
	objectVersion = 46;
	objects = {

/* Begin PBXBuildFile section */
		F8172CE81CEB1117000DEEBD /* main.m in Sources */ = {isa = PBXBuildFile; fileRef = F8172CE71CEB1117000DEEBD /* main.m */; };
		F8172CEB1CEB1117000DEEBD /* AppDelegate.m in Sources */ = {isa = PBXBuildFile; fileRef = F8172CEA1CEB1117000DEEBD /* AppDelegate.m */; };
		F8172CEE1CEB1117000DEEBD /* ViewController.m in Sources */ = {isa = PBXBuildFile; fileRef = F8172CED1CEB1117000DEEBD /* ViewController.m */; };
		F8172CF11CEB1117000DEEBD /* Main.storyboard in Resources */ = {isa = PBXBuildFile; fileRef = F8172CEF1CEB1117000DEEBD /* Main.storyboard */; };
		F8172CF31CEB1117000DEEBD /* Assets.xcassets in Resources */ = {isa = PBXBuildFile; fileRef = F8172CF21CEB1117000DEEBD /* Assets.xcassets */; };
		F8172CF61CEB1117000DEEBD /* LaunchScreen.storyboard in Resources */ = {isa = PBXBuildFile; fileRef = F8172CF41CEB1117000DEEBD /* LaunchScreen.storyboard */; };
		F8172D011CEB1117000DEEBD /* DateAlterVIewTests.m in Sources */ = {isa = PBXBuildFile; fileRef = F8172D001CEB1117000DEEBD /* DateAlterVIewTests.m */; };
		F8172D0C1CEB1117000DEEBD /* DateAlterVIewUITests.m in Sources */ = {isa = PBXBuildFile; fileRef = F8172D0B1CEB1117000DEEBD /* DateAlterVIewUITests.m */; };
		F8172D1D1CEB12B7000DEEBD /* ZPAlterView.m in Sources */ = {isa = PBXBuildFile; fileRef = F8172D1C1CEB12B7000DEEBD /* ZPAlterView.m */; };
		F8B952781CEC52A10065F029 /* IQNSArray+Sort.m in Sources */ = {isa = PBXBuildFile; fileRef = F8B952531CEC52A10065F029 /* IQNSArray+Sort.m */; };
		F8B952791CEC52A10065F029 /* IQUIScrollView+Additions.m in Sources */ = {isa = PBXBuildFile; fileRef = F8B952551CEC52A10065F029 /* IQUIScrollView+Additions.m */; };
		F8B9527A1CEC52A10065F029 /* IQUITextFieldView+Additions.m in Sources */ = {isa = PBXBuildFile; fileRef = F8B952571CEC52A10065F029 /* IQUITextFieldView+Additions.m */; };
		F8B9527B1CEC52A10065F029 /* IQUIView+Hierarchy.m in Sources */ = {isa = PBXBuildFile; fileRef = F8B952591CEC52A10065F029 /* IQUIView+Hierarchy.m */; };
		F8B9527C1CEC52A10065F029 /* IQUIViewController+Additions.m in Sources */ = {isa = PBXBuildFile; fileRef = F8B9525B1CEC52A10065F029 /* IQUIViewController+Additions.m */; };
		F8B9527D1CEC52A10065F029 /* IQUIWindow+Hierarchy.m in Sources */ = {isa = PBXBuildFile; fileRef = F8B9525D1CEC52A10065F029 /* IQUIWindow+Hierarchy.m */; };
		F8B9527E1CEC52A10065F029 /* IQKeyboardManager.m in Sources */ = {isa = PBXBuildFile; fileRef = F8B952621CEC52A10065F029 /* IQKeyboardManager.m */; };
		F8B9527F1CEC52A10065F029 /* IQKeyboardReturnKeyHandler.m in Sources */ = {isa = PBXBuildFile; fileRef = F8B952641CEC52A10065F029 /* IQKeyboardReturnKeyHandler.m */; };
		F8B952801CEC52A10065F029 /* IQTextView.m in Sources */ = {isa = PBXBuildFile; fileRef = F8B952671CEC52A10065F029 /* IQTextView.m */; };
		F8B952811CEC52A10065F029 /* IQBarButtonItem.m in Sources */ = {isa = PBXBuildFile; fileRef = F8B9526A1CEC52A10065F029 /* IQBarButtonItem.m */; };
		F8B952821CEC52A10065F029 /* IQPreviousNextView.m in Sources */ = {isa = PBXBuildFile; fileRef = F8B9526C1CEC52A10065F029 /* IQPreviousNextView.m */; };
		F8B952831CEC52A10065F029 /* IQTitleBarButtonItem.m in Sources */ = {isa = PBXBuildFile; fileRef = F8B9526E1CEC52A10065F029 /* IQTitleBarButtonItem.m */; };
		F8B952841CEC52A10065F029 /* IQToolbar.m in Sources */ = {isa = PBXBuildFile; fileRef = F8B952701CEC52A10065F029 /* IQToolbar.m */; };
		F8B952851CEC52A10065F029 /* IQUIView+IQKeyboardToolbar.m in Sources */ = {isa = PBXBuildFile; fileRef = F8B952721CEC52A10065F029 /* IQUIView+IQKeyboardToolbar.m */; };
		F8B952861CEC52A10065F029 /* IQKeyboardManager.bundle in Resources */ = {isa = PBXBuildFile; fileRef = F8B952751CEC52A10065F029 /* IQKeyboardManager.bundle */; };
		F8B952871CEC52A10065F029 /* LICENSE.md in Sources */ = {isa = PBXBuildFile; fileRef = F8B952761CEC52A10065F029 /* LICENSE.md */; };
		F8B952881CEC52A10065F029 /* README.md in Sources */ = {isa = PBXBuildFile; fileRef = F8B952771CEC52A10065F029 /* README.md */; };
/* End PBXBuildFile section */

/* Begin PBXContainerItemProxy section */
		F8172CFD1CEB1117000DEEBD /* PBXContainerItemProxy */ = {
			isa = PBXContainerItemProxy;
			containerPortal = F8172CDB1CEB1117000DEEBD /* Project object */;
			proxyType = 1;
			remoteGlobalIDString = F8172CE21CEB1117000DEEBD;
			remoteInfo = DateAlterVIew;
		};
		F8172D081CEB1117000DEEBD /* PBXContainerItemProxy */ = {
			isa = PBXContainerItemProxy;
			containerPortal = F8172CDB1CEB1117000DEEBD /* Project object */;
			proxyType = 1;
			remoteGlobalIDString = F8172CE21CEB1117000DEEBD;
			remoteInfo = DateAlterVIew;
		};
/* End PBXContainerItemProxy section */

/* Begin PBXFileReference section */
		F8172CE31CEB1117000DEEBD /* DateAlterVIew.app */ = {isa = PBXFileReference; explicitFileType = wrapper.application; includeInIndex = 0; path = DateAlterVIew.app; sourceTree = BUILT_PRODUCTS_DIR; };
		F8172CE71CEB1117000DEEBD /* main.m */ = {isa = PBXFileReference; lastKnownFileType = sourcecode.c.objc; path = main.m; sourceTree = "<group>"; };
		F8172CE91CEB1117000DEEBD /* AppDelegate.h */ = {isa = PBXFileReference; lastKnownFileType = sourcecode.c.h; path = AppDelegate.h; sourceTree = "<group>"; };
		F8172CEA1CEB1117000DEEBD /* AppDelegate.m */ = {isa = PBXFileReference; lastKnownFileType = sourcecode.c.objc; path = AppDelegate.m; sourceTree = "<group>"; };
		F8172CEC1CEB1117000DEEBD /* ViewController.h */ = {isa = PBXFileReference; lastKnownFileType = sourcecode.c.h; path = ViewController.h; sourceTree = "<group>"; };
		F8172CED1CEB1117000DEEBD /* ViewController.m */ = {isa = PBXFileReference; lastKnownFileType = sourcecode.c.objc; path = ViewController.m; sourceTree = "<group>"; };
		F8172CF01CEB1117000DEEBD /* Base */ = {isa = PBXFileReference; lastKnownFileType = file.storyboard; name = Base; path = Base.lproj/Main.storyboard; sourceTree = "<group>"; };
		F8172CF21CEB1117000DEEBD /* Assets.xcassets */ = {isa = PBXFileReference; lastKnownFileType = folder.assetcatalog; path = Assets.xcassets; sourceTree = "<group>"; };
		F8172CF51CEB1117000DEEBD /* Base */ = {isa = PBXFileReference; lastKnownFileType = file.storyboard; name = Base; path = Base.lproj/LaunchScreen.storyboard; sourceTree = "<group>"; };
		F8172CF71CEB1117000DEEBD /* Info.plist */ = {isa = PBXFileReference; lastKnownFileType = text.plist.xml; path = Info.plist; sourceTree = "<group>"; };
		F8172CFC1CEB1117000DEEBD /* DateAlterVIewTests.xctest */ = {isa = PBXFileReference; explicitFileType = wrapper.cfbundle; includeInIndex = 0; path = DateAlterVIewTests.xctest; sourceTree = BUILT_PRODUCTS_DIR; };
		F8172D001CEB1117000DEEBD /* DateAlterVIewTests.m */ = {isa = PBXFileReference; lastKnownFileType = sourcecode.c.objc; path = DateAlterVIewTests.m; sourceTree = "<group>"; };
		F8172D021CEB1117000DEEBD /* Info.plist */ = {isa = PBXFileReference; lastKnownFileType = text.plist.xml; path = Info.plist; sourceTree = "<group>"; };
		F8172D071CEB1117000DEEBD /* DateAlterVIewUITests.xctest */ = {isa = PBXFileReference; explicitFileType = wrapper.cfbundle; includeInIndex = 0; path = DateAlterVIewUITests.xctest; sourceTree = BUILT_PRODUCTS_DIR; };
		F8172D0B1CEB1117000DEEBD /* DateAlterVIewUITests.m */ = {isa = PBXFileReference; lastKnownFileType = sourcecode.c.objc; path = DateAlterVIewUITests.m; sourceTree = "<group>"; };
		F8172D0D1CEB1117000DEEBD /* Info.plist */ = {isa = PBXFileReference; lastKnownFileType = text.plist.xml; path = Info.plist; sourceTree = "<group>"; };
		F8172D1B1CEB12B7000DEEBD /* ZPAlterView.h */ = {isa = PBXFileReference; fileEncoding = 4; lastKnownFileType = sourcecode.c.h; path = ZPAlterView.h; sourceTree = "<group>"; };
		F8172D1C1CEB12B7000DEEBD /* ZPAlterView.m */ = {isa = PBXFileReference; fileEncoding = 4; lastKnownFileType = sourcecode.c.objc; path = ZPAlterView.m; sourceTree = "<group>"; };
		F8B952521CEC52A10065F029 /* IQNSArray+Sort.h */ = {isa = PBXFileReference; fileEncoding = 4; lastKnownFileType = sourcecode.c.h; path = "IQNSArray+Sort.h"; sourceTree = "<group>"; };
		F8B952531CEC52A10065F029 /* IQNSArray+Sort.m */ = {isa = PBXFileReference; fileEncoding = 4; lastKnownFileType = sourcecode.c.objc; path = "IQNSArray+Sort.m"; sourceTree = "<group>"; };
		F8B952541CEC52A10065F029 /* IQUIScrollView+Additions.h */ = {isa = PBXFileReference; fileEncoding = 4; lastKnownFileType = sourcecode.c.h; path = "IQUIScrollView+Additions.h"; sourceTree = "<group>"; };
		F8B952551CEC52A10065F029 /* IQUIScrollView+Additions.m */ = {isa = PBXFileReference; fileEncoding = 4; lastKnownFileType = sourcecode.c.objc; path = "IQUIScrollView+Additions.m"; sourceTree = "<group>"; };
		F8B952561CEC52A10065F029 /* IQUITextFieldView+Additions.h */ = {isa = PBXFileReference; fileEncoding = 4; lastKnownFileType = sourcecode.c.h; path = "IQUITextFieldView+Additions.h"; sourceTree = "<group>"; };
		F8B952571CEC52A10065F029 /* IQUITextFieldView+Additions.m */ = {isa = PBXFileReference; fileEncoding = 4; lastKnownFileType = sourcecode.c.objc; path = "IQUITextFieldView+Additions.m"; sourceTree = "<group>"; };
		F8B952581CEC52A10065F029 /* IQUIView+Hierarchy.h */ = {isa = PBXFileReference; fileEncoding = 4; lastKnownFileType = sourcecode.c.h; path = "IQUIView+Hierarchy.h"; sourceTree = "<group>"; };
		F8B952591CEC52A10065F029 /* IQUIView+Hierarchy.m */ = {isa = PBXFileReference; fileEncoding = 4; lastKnownFileType = sourcecode.c.objc; path = "IQUIView+Hierarchy.m"; sourceTree = "<group>"; };
		F8B9525A1CEC52A10065F029 /* IQUIViewController+Additions.h */ = {isa = PBXFileReference; fileEncoding = 4; lastKnownFileType = sourcecode.c.h; path = "IQUIViewController+Additions.h"; sourceTree = "<group>"; };
		F8B9525B1CEC52A10065F029 /* IQUIViewController+Additions.m */ = {isa = PBXFileReference; fileEncoding = 4; lastKnownFileType = sourcecode.c.objc; path = "IQUIViewController+Additions.m"; sourceTree = "<group>"; };
		F8B9525C1CEC52A10065F029 /* IQUIWindow+Hierarchy.h */ = {isa = PBXFileReference; fileEncoding = 4; lastKnownFileType = sourcecode.c.h; path = "IQUIWindow+Hierarchy.h"; sourceTree = "<group>"; };
		F8B9525D1CEC52A10065F029 /* IQUIWindow+Hierarchy.m */ = {isa = PBXFileReference; fileEncoding = 4; lastKnownFileType = sourcecode.c.objc; path = "IQUIWindow+Hierarchy.m"; sourceTree = "<group>"; };
		F8B9525F1CEC52A10065F029 /* IQKeyboardManagerConstants.h */ = {isa = PBXFileReference; fileEncoding = 4; lastKnownFileType = sourcecode.c.h; path = IQKeyboardManagerConstants.h; sourceTree = "<group>"; };
		F8B952601CEC52A10065F029 /* IQKeyboardManagerConstantsInternal.h */ = {isa = PBXFileReference; fileEncoding = 4; lastKnownFileType = sourcecode.c.h; path = IQKeyboardManagerConstantsInternal.h; sourceTree = "<group>"; };
		F8B952611CEC52A10065F029 /* IQKeyboardManager.h */ = {isa = PBXFileReference; fileEncoding = 4; lastKnownFileType = sourcecode.c.h; path = IQKeyboardManager.h; sourceTree = "<group>"; };
		F8B952621CEC52A10065F029 /* IQKeyboardManager.m */ = {isa = PBXFileReference; fileEncoding = 4; lastKnownFileType = sourcecode.c.objc; path = IQKeyboardManager.m; sourceTree = "<group>"; };
		F8B952631CEC52A10065F029 /* IQKeyboardReturnKeyHandler.h */ = {isa = PBXFileReference; fileEncoding = 4; lastKnownFileType = sourcecode.c.h; path = IQKeyboardReturnKeyHandler.h; sourceTree = "<group>"; };
		F8B952641CEC52A10065F029 /* IQKeyboardReturnKeyHandler.m */ = {isa = PBXFileReference; fileEncoding = 4; lastKnownFileType = sourcecode.c.objc; path = IQKeyboardReturnKeyHandler.m; sourceTree = "<group>"; };
		F8B952661CEC52A10065F029 /* IQTextView.h */ = {isa = PBXFileReference; fileEncoding = 4; lastKnownFileType = sourcecode.c.h; path = IQTextView.h; sourceTree = "<group>"; };
		F8B952671CEC52A10065F029 /* IQTextView.m */ = {isa = PBXFileReference; fileEncoding = 4; lastKnownFileType = sourcecode.c.objc; path = IQTextView.m; sourceTree = "<group>"; };
		F8B952691CEC52A10065F029 /* IQBarButtonItem.h */ = {isa = PBXFileReference; fileEncoding = 4; lastKnownFileType = sourcecode.c.h; path = IQBarButtonItem.h; sourceTree = "<group>"; };
		F8B9526A1CEC52A10065F029 /* IQBarButtonItem.m */ = {isa = PBXFileReference; fileEncoding = 4; lastKnownFileType = sourcecode.c.objc; path = IQBarButtonItem.m; sourceTree = "<group>"; };
		F8B9526B1CEC52A10065F029 /* IQPreviousNextView.h */ = {isa = PBXFileReference; fileEncoding = 4; lastKnownFileType = sourcecode.c.h; path = IQPreviousNextView.h; sourceTree = "<group>"; };
		F8B9526C1CEC52A10065F029 /* IQPreviousNextView.m */ = {isa = PBXFileReference; fileEncoding = 4; lastKnownFileType = sourcecode.c.objc; path = IQPreviousNextView.m; sourceTree = "<group>"; };
		F8B9526D1CEC52A10065F029 /* IQTitleBarButtonItem.h */ = {isa = PBXFileReference; fileEncoding = 4; lastKnownFileType = sourcecode.c.h; path = IQTitleBarButtonItem.h; sourceTree = "<group>"; };
		F8B9526E1CEC52A10065F029 /* IQTitleBarButtonItem.m */ = {isa = PBXFileReference; fileEncoding = 4; lastKnownFileType = sourcecode.c.objc; path = IQTitleBarButtonItem.m; sourceTree = "<group>"; };
		F8B9526F1CEC52A10065F029 /* IQToolbar.h */ = {isa = PBXFileReference; fileEncoding = 4; lastKnownFileType = sourcecode.c.h; path = IQToolbar.h; sourceTree = "<group>"; };
		F8B952701CEC52A10065F029 /* IQToolbar.m */ = {isa = PBXFileReference; fileEncoding = 4; lastKnownFileType = sourcecode.c.objc; path = IQToolbar.m; sourceTree = "<group>"; };
		F8B952711CEC52A10065F029 /* IQUIView+IQKeyboardToolbar.h */ = {isa = PBXFileReference; fileEncoding = 4; lastKnownFileType = sourcecode.c.h; path = "IQUIView+IQKeyboardToolbar.h"; sourceTree = "<group>"; };
		F8B952721CEC52A10065F029 /* IQUIView+IQKeyboardToolbar.m */ = {isa = PBXFileReference; fileEncoding = 4; lastKnownFileType = sourcecode.c.objc; path = "IQUIView+IQKeyboardToolbar.m"; sourceTree = "<group>"; };
		F8B952731CEC52A10065F029 /* KeyboardManager.h */ = {isa = PBXFileReference; fileEncoding = 4; lastKnownFileType = sourcecode.c.h; path = KeyboardManager.h; sourceTree = "<group>"; };
		F8B952751CEC52A10065F029 /* IQKeyboardManager.bundle */ = {isa = PBXFileReference; lastKnownFileType = "wrapper.plug-in"; path = IQKeyboardManager.bundle; sourceTree = "<group>"; };
		F8B952761CEC52A10065F029 /* LICENSE.md */ = {isa = PBXFileReference; fileEncoding = 4; lastKnownFileType = net.daringfireball.markdown; path = LICENSE.md; sourceTree = "<group>"; };
		F8B952771CEC52A10065F029 /* README.md */ = {isa = PBXFileReference; fileEncoding = 4; lastKnownFileType = net.daringfireball.markdown; path = README.md; sourceTree = "<group>"; };
/* End PBXFileReference section */

/* Begin PBXFrameworksBuildPhase section */
		F8172CE01CEB1117000DEEBD /* Frameworks */ = {
			isa = PBXFrameworksBuildPhase;
			buildActionMask = 2147483647;
			files = (
			);
			runOnlyForDeploymentPostprocessing = 0;
		};
		F8172CF91CEB1117000DEEBD /* Frameworks */ = {
			isa = PBXFrameworksBuildPhase;
			buildActionMask = 2147483647;
			files = (
			);
			runOnlyForDeploymentPostprocessing = 0;
		};
		F8172D041CEB1117000DEEBD /* Frameworks */ = {
			isa = PBXFrameworksBuildPhase;
			buildActionMask = 2147483647;
			files = (
			);
			runOnlyForDeploymentPostprocessing = 0;
		};
/* End PBXFrameworksBuildPhase section */

/* Begin PBXGroup section */
		F8172CDA1CEB1117000DEEBD = {
			isa = PBXGroup;
			children = (
				F8172CE51CEB1117000DEEBD /* DateAlterVIew */,
				F8172CFF1CEB1117000DEEBD /* DateAlterVIewTests */,
				F8172D0A1CEB1117000DEEBD /* DateAlterVIewUITests */,
				F8172CE41CEB1117000DEEBD /* Products */,
			);
			sourceTree = "<group>";
		};
		F8172CE41CEB1117000DEEBD /* Products */ = {
			isa = PBXGroup;
			children = (
				F8172CE31CEB1117000DEEBD /* DateAlterVIew.app */,
				F8172CFC1CEB1117000DEEBD /* DateAlterVIewTests.xctest */,
				F8172D071CEB1117000DEEBD /* DateAlterVIewUITests.xctest */,
			);
			name = Products;
			sourceTree = "<group>";
		};
		F8172CE51CEB1117000DEEBD /* DateAlterVIew */ = {
			isa = PBXGroup;
			children = (
				F8B9524F1CEC52A10065F029 /* IQKeyboardManager */,
				F8172CE91CEB1117000DEEBD /* AppDelegate.h */,
				F8172CEA1CEB1117000DEEBD /* AppDelegate.m */,
				F8172CEC1CEB1117000DEEBD /* ViewController.h */,
				F8172CED1CEB1117000DEEBD /* ViewController.m */,
				F8172D1B1CEB12B7000DEEBD /* ZPAlterView.h */,
				F8172D1C1CEB12B7000DEEBD /* ZPAlterView.m */,
				F8172CEF1CEB1117000DEEBD /* Main.storyboard */,
				F8172CF21CEB1117000DEEBD /* Assets.xcassets */,
				F8172CF41CEB1117000DEEBD /* LaunchScreen.storyboard */,
				F8172CF71CEB1117000DEEBD /* Info.plist */,
				F8172CE61CEB1117000DEEBD /* Supporting Files */,
			);
			path = DateAlterVIew;
			sourceTree = "<group>";
		};
		F8172CE61CEB1117000DEEBD /* Supporting Files */ = {
			isa = PBXGroup;
			children = (
				F8172CE71CEB1117000DEEBD /* main.m */,
			);
			name = "Supporting Files";
			sourceTree = "<group>";
		};
		F8172CFF1CEB1117000DEEBD /* DateAlterVIewTests */ = {
			isa = PBXGroup;
			children = (
				F8172D001CEB1117000DEEBD /* DateAlterVIewTests.m */,
				F8172D021CEB1117000DEEBD /* Info.plist */,
			);
			path = DateAlterVIewTests;
			sourceTree = "<group>";
		};
		F8172D0A1CEB1117000DEEBD /* DateAlterVIewUITests */ = {
			isa = PBXGroup;
			children = (
				F8172D0B1CEB1117000DEEBD /* DateAlterVIewUITests.m */,
				F8172D0D1CEB1117000DEEBD /* Info.plist */,
			);
			path = DateAlterVIewUITests;
			sourceTree = "<group>";
		};
		F8B9524F1CEC52A10065F029 /* IQKeyboardManager */ = {
			isa = PBXGroup;
			children = (
				F8B952501CEC52A10065F029 /* IQKeyboardManager */,
				F8B952761CEC52A10065F029 /* LICENSE.md */,
				F8B952771CEC52A10065F029 /* README.md */,
			);
			path = IQKeyboardManager;
			sourceTree = "<group>";
		};
		F8B952501CEC52A10065F029 /* IQKeyboardManager */ = {
			isa = PBXGroup;
			children = (
				F8B952511CEC52A10065F029 /* Categories */,
				F8B9525E1CEC52A10065F029 /* Constants */,
				F8B952611CEC52A10065F029 /* IQKeyboardManager.h */,
				F8B952621CEC52A10065F029 /* IQKeyboardManager.m */,
				F8B952631CEC52A10065F029 /* IQKeyboardReturnKeyHandler.h */,
				F8B952641CEC52A10065F029 /* IQKeyboardReturnKeyHandler.m */,
				F8B952651CEC52A10065F029 /* IQTextView */,
				F8B952681CEC52A10065F029 /* IQToolbar */,
				F8B952731CEC52A10065F029 /* KeyboardManager.h */,
				F8B952741CEC52A10065F029 /* Resources */,
			);
			path = IQKeyboardManager;
			sourceTree = "<group>";
		};
		F8B952511CEC52A10065F029 /* Categories */ = {
			isa = PBXGroup;
			children = (
				F8B952521CEC52A10065F029 /* IQNSArray+Sort.h */,
				F8B952531CEC52A10065F029 /* IQNSArray+Sort.m */,
				F8B952541CEC52A10065F029 /* IQUIScrollView+Additions.h */,
				F8B952551CEC52A10065F029 /* IQUIScrollView+Additions.m */,
				F8B952561CEC52A10065F029 /* IQUITextFieldView+Additions.h */,
				F8B952571CEC52A10065F029 /* IQUITextFieldView+Additions.m */,
				F8B952581CEC52A10065F029 /* IQUIView+Hierarchy.h */,
				F8B952591CEC52A10065F029 /* IQUIView+Hierarchy.m */,
				F8B9525A1CEC52A10065F029 /* IQUIViewController+Additions.h */,
				F8B9525B1CEC52A10065F029 /* IQUIViewController+Additions.m */,
				F8B9525C1CEC52A10065F029 /* IQUIWindow+Hierarchy.h */,
				F8B9525D1CEC52A10065F029 /* IQUIWindow+Hierarchy.m */,
			);
			path = Categories;
			sourceTree = "<group>";
		};
		F8B9525E1CEC52A10065F029 /* Constants */ = {
			isa = PBXGroup;
			children = (
				F8B9525F1CEC52A10065F029 /* IQKeyboardManagerConstants.h */,
				F8B952601CEC52A10065F029 /* IQKeyboardManagerConstantsInternal.h */,
			);
			path = Constants;
			sourceTree = "<group>";
		};
		F8B952651CEC52A10065F029 /* IQTextView */ = {
			isa = PBXGroup;
			children = (
				F8B952661CEC52A10065F029 /* IQTextView.h */,
				F8B952671CEC52A10065F029 /* IQTextView.m */,
			);
			path = IQTextView;
			sourceTree = "<group>";
		};
		F8B952681CEC52A10065F029 /* IQToolbar */ = {
			isa = PBXGroup;
			children = (
				F8B952691CEC52A10065F029 /* IQBarButtonItem.h */,
				F8B9526A1CEC52A10065F029 /* IQBarButtonItem.m */,
				F8B9526B1CEC52A10065F029 /* IQPreviousNextView.h */,
				F8B9526C1CEC52A10065F029 /* IQPreviousNextView.m */,
				F8B9526D1CEC52A10065F029 /* IQTitleBarButtonItem.h */,
				F8B9526E1CEC52A10065F029 /* IQTitleBarButtonItem.m */,
				F8B9526F1CEC52A10065F029 /* IQToolbar.h */,
				F8B952701CEC52A10065F029 /* IQToolbar.m */,
				F8B952711CEC52A10065F029 /* IQUIView+IQKeyboardToolbar.h */,
				F8B952721CEC52A10065F029 /* IQUIView+IQKeyboardToolbar.m */,
			);
			path = IQToolbar;
			sourceTree = "<group>";
		};
		F8B952741CEC52A10065F029 /* Resources */ = {
			isa = PBXGroup;
			children = (
				F8B952751CEC52A10065F029 /* IQKeyboardManager.bundle */,
			);
			path = Resources;
			sourceTree = "<group>";
		};
/* End PBXGroup section */

/* Begin PBXNativeTarget section */
		F8172CE21CEB1117000DEEBD /* DateAlterVIew */ = {
			isa = PBXNativeTarget;
			buildConfigurationList = F8172D101CEB1117000DEEBD /* Build configuration list for PBXNativeTarget "DateAlterVIew" */;
			buildPhases = (
				F8172CDF1CEB1117000DEEBD /* Sources */,
				F8172CE01CEB1117000DEEBD /* Frameworks */,
				F8172CE11CEB1117000DEEBD /* Resources */,
			);
			buildRules = (
			);
			dependencies = (
			);
			name = DateAlterVIew;
			productName = DateAlterVIew;
			productReference = F8172CE31CEB1117000DEEBD /* DateAlterVIew.app */;
			productType = "com.apple.product-type.application";
		};
		F8172CFB1CEB1117000DEEBD /* DateAlterVIewTests */ = {
			isa = PBXNativeTarget;
			buildConfigurationList = F8172D131CEB1117000DEEBD /* Build configuration list for PBXNativeTarget "DateAlterVIewTests" */;
			buildPhases = (
				F8172CF81CEB1117000DEEBD /* Sources */,
				F8172CF91CEB1117000DEEBD /* Frameworks */,
				F8172CFA1CEB1117000DEEBD /* Resources */,
			);
			buildRules = (
			);
			dependencies = (
				F8172CFE1CEB1117000DEEBD /* PBXTargetDependency */,
			);
			name = DateAlterVIewTests;
			productName = DateAlterVIewTests;
			productReference = F8172CFC1CEB1117000DEEBD /* DateAlterVIewTests.xctest */;
			productType = "com.apple.product-type.bundle.unit-test";
		};
		F8172D061CEB1117000DEEBD /* DateAlterVIewUITests */ = {
			isa = PBXNativeTarget;
			buildConfigurationList = F8172D161CEB1117000DEEBD /* Build configuration list for PBXNativeTarget "DateAlterVIewUITests" */;
			buildPhases = (
				F8172D031CEB1117000DEEBD /* Sources */,
				F8172D041CEB1117000DEEBD /* Frameworks */,
				F8172D051CEB1117000DEEBD /* Resources */,
			);
			buildRules = (
			);
			dependencies = (
				F8172D091CEB1117000DEEBD /* PBXTargetDependency */,
			);
			name = DateAlterVIewUITests;
			productName = DateAlterVIewUITests;
			productReference = F8172D071CEB1117000DEEBD /* DateAlterVIewUITests.xctest */;
			productType = "com.apple.product-type.bundle.ui-testing";
		};
/* End PBXNativeTarget section */

/* Begin PBXProject section */
		F8172CDB1CEB1117000DEEBD /* Project object */ = {
			isa = PBXProject;
			attributes = {
				LastUpgradeCheck = 0720;
				ORGANIZATIONNAME = zp;
				TargetAttributes = {
					F8172CE21CEB1117000DEEBD = {
						CreatedOnToolsVersion = 7.2;
						DevelopmentTeam = K2WT69M66J;
					};
					F8172CFB1CEB1117000DEEBD = {
						CreatedOnToolsVersion = 7.2;
						TestTargetID = F8172CE21CEB1117000DEEBD;
					};
					F8172D061CEB1117000DEEBD = {
						CreatedOnToolsVersion = 7.2;
						TestTargetID = F8172CE21CEB1117000DEEBD;
					};
				};
			};
			buildConfigurationList = F8172CDE1CEB1117000DEEBD /* Build configuration list for PBXProject "DateAlterVIew" */;
			compatibilityVersion = "Xcode 3.2";
			developmentRegion = English;
			hasScannedForEncodings = 0;
			knownRegions = (
				en,
				Base,
			);
			mainGroup = F8172CDA1CEB1117000DEEBD;
			productRefGroup = F8172CE41CEB1117000DEEBD /* Products */;
			projectDirPath = "";
			projectRoot = "";
			targets = (
				F8172CE21CEB1117000DEEBD /* DateAlterVIew */,
				F8172CFB1CEB1117000DEEBD /* DateAlterVIewTests */,
				F8172D061CEB1117000DEEBD /* DateAlterVIewUITests */,
			);
		};
/* End PBXProject section */

/* Begin PBXResourcesBuildPhase section */
		F8172CE11CEB1117000DEEBD /* Resources */ = {
			isa = PBXResourcesBuildPhase;
			buildActionMask = 2147483647;
			files = (
				F8172CF61CEB1117000DEEBD /* LaunchScreen.storyboard in Resources */,
				F8172CF31CEB1117000DEEBD /* Assets.xcassets in Resources */,
				F8B952861CEC52A10065F029 /* IQKeyboardManager.bundle in Resources */,
				F8172CF11CEB1117000DEEBD /* Main.storyboard in Resources */,
			);
			runOnlyForDeploymentPostprocessing = 0;
		};
		F8172CFA1CEB1117000DEEBD /* Resources */ = {
			isa = PBXResourcesBuildPhase;
			buildActionMask = 2147483647;
			files = (
			);
			runOnlyForDeploymentPostprocessing = 0;
		};
		F8172D051CEB1117000DEEBD /* Resources */ = {
			isa = PBXResourcesBuildPhase;
			buildActionMask = 2147483647;
			files = (
			);
			runOnlyForDeploymentPostprocessing = 0;
		};
/* End PBXResourcesBuildPhase section */

/* Begin PBXSourcesBuildPhase section */
		F8172CDF1CEB1117000DEEBD /* Sources */ = {
			isa = PBXSourcesBuildPhase;
			buildActionMask = 2147483647;
			files = (
				F8B952801CEC52A10065F029 /* IQTextView.m in Sources */,
				F8172CEE1CEB1117000DEEBD /* ViewController.m in Sources */,
				F8B952881CEC52A10065F029 /* README.md in Sources */,
				F8B9527F1CEC52A10065F029 /* IQKeyboardReturnKeyHandler.m in Sources */,
				F8B952791CEC52A10065F029 /* IQUIScrollView+Additions.m in Sources */,
				F8172D1D1CEB12B7000DEEBD /* ZPAlterView.m in Sources */,
				F8172CEB1CEB1117000DEEBD /* AppDelegate.m in Sources */,
				F8B9527E1CEC52A10065F029 /* IQKeyboardManager.m in Sources */,
				F8B952851CEC52A10065F029 /* IQUIView+IQKeyboardToolbar.m in Sources */,
				F8B9527B1CEC52A10065F029 /* IQUIView+Hierarchy.m in Sources */,
				F8B952821CEC52A10065F029 /* IQPreviousNextView.m in Sources */,
				F8B952811CEC52A10065F029 /* IQBarButtonItem.m in Sources */,
				F8B9527A1CEC52A10065F029 /* IQUITextFieldView+Additions.m in Sources */,
				F8172CE81CEB1117000DEEBD /* main.m in Sources */,
				F8B952841CEC52A10065F029 /* IQToolbar.m in Sources */,
				F8B952871CEC52A10065F029 /* LICENSE.md in Sources */,
				F8B9527D1CEC52A10065F029 /* IQUIWindow+Hierarchy.m in Sources */,
				F8B952831CEC52A10065F029 /* IQTitleBarButtonItem.m in Sources */,
				F8B9527C1CEC52A10065F029 /* IQUIViewController+Additions.m in Sources */,
				F8B952781CEC52A10065F029 /* IQNSArray+Sort.m in Sources */,
			);
			runOnlyForDeploymentPostprocessing = 0;
		};
		F8172CF81CEB1117000DEEBD /* Sources */ = {
			isa = PBXSourcesBuildPhase;
			buildActionMask = 2147483647;
			files = (
				F8172D011CEB1117000DEEBD /* DateAlterVIewTests.m in Sources */,
			);
			runOnlyForDeploymentPostprocessing = 0;
		};
		F8172D031CEB1117000DEEBD /* Sources */ = {
			isa = PBXSourcesBuildPhase;
			buildActionMask = 2147483647;
			files = (
				F8172D0C1CEB1117000DEEBD /* DateAlterVIewUITests.m in Sources */,
			);
			runOnlyForDeploymentPostprocessing = 0;
		};
/* End PBXSourcesBuildPhase section */

/* Begin PBXTargetDependency section */
		F8172CFE1CEB1117000DEEBD /* PBXTargetDependency */ = {
			isa = PBXTargetDependency;
			target = F8172CE21CEB1117000DEEBD /* DateAlterVIew */;
			targetProxy = F8172CFD1CEB1117000DEEBD /* PBXContainerItemProxy */;
		};
		F8172D091CEB1117000DEEBD /* PBXTargetDependency */ = {
			isa = PBXTargetDependency;
			target = F8172CE21CEB1117000DEEBD /* DateAlterVIew */;
			targetProxy = F8172D081CEB1117000DEEBD /* PBXContainerItemProxy */;
		};
/* End PBXTargetDependency section */

/* Begin PBXVariantGroup section */
		F8172CEF1CEB1117000DEEBD /* Main.storyboard */ = {
			isa = PBXVariantGroup;
			children = (
				F8172CF01CEB1117000DEEBD /* Base */,
			);
			name = Main.storyboard;
			sourceTree = "<group>";
		};
		F8172CF41CEB1117000DEEBD /* LaunchScreen.storyboard */ = {
			isa = PBXVariantGroup;
			children = (
				F8172CF51CEB1117000DEEBD /* Base */,
			);
			name = LaunchScreen.storyboard;
			sourceTree = "<group>";
		};
/* End PBXVariantGroup section */

/* Begin XCBuildConfiguration section */
		F8172D0E1CEB1117000DEEBD /* Debug */ = {
			isa = XCBuildConfiguration;
			buildSettings = {
				ALWAYS_SEARCH_USER_PATHS = NO;
				CLANG_CXX_LANGUAGE_STANDARD = "gnu++0x";
				CLANG_CXX_LIBRARY = "libc++";
				CLANG_ENABLE_MODULES = YES;
				CLANG_ENABLE_OBJC_ARC = YES;
				CLANG_WARN_BOOL_CONVERSION = YES;
				CLANG_WARN_CONSTANT_CONVERSION = YES;
				CLANG_WARN_DIRECT_OBJC_ISA_USAGE = YES_ERROR;
				CLANG_WARN_EMPTY_BODY = YES;
				CLANG_WARN_ENUM_CONVERSION = YES;
				CLANG_WARN_INT_CONVERSION = YES;
				CLANG_WARN_OBJC_ROOT_CLASS = YES_ERROR;
				CLANG_WARN_UNREACHABLE_CODE = YES;
				CLANG_WARN__DUPLICATE_METHOD_MATCH = YES;
				"CODE_SIGN_IDENTITY[sdk=iphoneos*]" = "iPhone Developer";
				COPY_PHASE_STRIP = NO;
				DEBUG_INFORMATION_FORMAT = dwarf;
				ENABLE_STRICT_OBJC_MSGSEND = YES;
				ENABLE_TESTABILITY = YES;
				GCC_C_LANGUAGE_STANDARD = gnu99;
				GCC_DYNAMIC_NO_PIC = NO;
				GCC_NO_COMMON_BLOCKS = YES;
				GCC_OPTIMIZATION_LEVEL = 0;
				GCC_PREPROCESSOR_DEFINITIONS = (
					"DEBUG=1",
					"$(inherited)",
				);
				GCC_WARN_64_TO_32_BIT_CONVERSION = YES;
				GCC_WARN_ABOUT_RETURN_TYPE = YES_ERROR;
				GCC_WARN_UNDECLARED_SELECTOR = YES;
				GCC_WARN_UNINITIALIZED_AUTOS = YES_AGGRESSIVE;
				GCC_WARN_UNUSED_FUNCTION = YES;
				GCC_WARN_UNUSED_VARIABLE = YES;
				IPHONEOS_DEPLOYMENT_TARGET = 9.2;
				MTL_ENABLE_DEBUG_INFO = YES;
				ONLY_ACTIVE_ARCH = YES;
				SDKROOT = iphoneos;
			};
			name = Debug;
		};
		F8172D0F1CEB1117000DEEBD /* Release */ = {
			isa = XCBuildConfiguration;
			buildSettings = {
				ALWAYS_SEARCH_USER_PATHS = NO;
				CLANG_CXX_LANGUAGE_STANDARD = "gnu++0x";
				CLANG_CXX_LIBRARY = "libc++";
				CLANG_ENABLE_MODULES = YES;
				CLANG_ENABLE_OBJC_ARC = YES;
				CLANG_WARN_BOOL_CONVERSION = YES;
				CLANG_WARN_CONSTANT_CONVERSION = YES;
				CLANG_WARN_DIRECT_OBJC_ISA_USAGE = YES_ERROR;
				CLANG_WARN_EMPTY_BODY = YES;
				CLANG_WARN_ENUM_CONVERSION = YES;
				CLANG_WARN_INT_CONVERSION = YES;
				CLANG_WARN_OBJC_ROOT_CLASS = YES_ERROR;
				CLANG_WARN_UNREACHABLE_CODE = YES;
				CLANG_WARN__DUPLICATE_METHOD_MATCH = YES;
				"CODE_SIGN_IDENTITY[sdk=iphoneos*]" = "iPhone Developer";
				COPY_PHASE_STRIP = NO;
				DEBUG_INFORMATION_FORMAT = "dwarf-with-dsym";
				ENABLE_NS_ASSERTIONS = NO;
				ENABLE_STRICT_OBJC_MSGSEND = YES;
				GCC_C_LANGUAGE_STANDARD = gnu99;
				GCC_NO_COMMON_BLOCKS = YES;
				GCC_WARN_64_TO_32_BIT_CONVERSION = YES;
				GCC_WARN_ABOUT_RETURN_TYPE = YES_ERROR;
				GCC_WARN_UNDECLARED_SELECTOR = YES;
				GCC_WARN_UNINITIALIZED_AUTOS = YES_AGGRESSIVE;
				GCC_WARN_UNUSED_FUNCTION = YES;
				GCC_WARN_UNUSED_VARIABLE = YES;
				IPHONEOS_DEPLOYMENT_TARGET = 9.2;
				MTL_ENABLE_DEBUG_INFO = NO;
				SDKROOT = iphoneos;
				VALIDATE_PRODUCT = YES;
			};
			name = Release;
		};
		F8172D111CEB1117000DEEBD /* Debug */ = {
			isa = XCBuildConfiguration;
			buildSettings = {
				ASSETCATALOG_COMPILER_APPICON_NAME = AppIcon;
				CODE_SIGN_IDENTITY = "iPhone Developer";
				"CODE_SIGN_IDENTITY[sdk=iphoneos*]" = "iPhone Developer";
				INFOPLIST_FILE = DateAlterVIew/Info.plist;
				LD_RUNPATH_SEARCH_PATHS = "$(inherited) @executable_path/Frameworks";
				PRODUCT_BUNDLE_IDENTIFIER = com.qwertyui.DateAlterVIew;
				PRODUCT_NAME = "$(TARGET_NAME)";
				PROVISIONING_PROFILE = "";
			};
			name = Debug;
		};
		F8172D121CEB1117000DEEBD /* Release */ = {
			isa = XCBuildConfiguration;
			buildSettings = {
				ASSETCATALOG_COMPILER_APPICON_NAME = AppIcon;
				CODE_SIGN_IDENTITY = "iPhone Developer";
				"CODE_SIGN_IDENTITY[sdk=iphoneos*]" = "iPhone Developer";
				INFOPLIST_FILE = DateAlterVIew/Info.plist;
				LD_RUNPATH_SEARCH_PATHS = "$(inherited) @executable_path/Frameworks";
				PRODUCT_BUNDLE_IDENTIFIER = com.qwertyui.DateAlterVIew;
				PRODUCT_NAME = "$(TARGET_NAME)";
				PROVISIONING_PROFILE = "";
			};
			name = Release;
		};
		F8172D141CEB1117000DEEBD /* Debug */ = {
			isa = XCBuildConfiguration;
			buildSettings = {
				BUNDLE_LOADER = "$(TEST_HOST)";
				INFOPLIST_FILE = DateAlterVIewTests/Info.plist;
				LD_RUNPATH_SEARCH_PATHS = "$(inherited) @executable_path/Frameworks @loader_path/Frameworks";
				PRODUCT_BUNDLE_IDENTIFIER = com.qwertyui.DateAlterVIewTests;
				PRODUCT_NAME = "$(TARGET_NAME)";
				TEST_HOST = "$(BUILT_PRODUCTS_DIR)/DateAlterVIew.app/DateAlterVIew";
			};
			name = Debug;
		};
		F8172D151CEB1117000DEEBD /* Release */ = {
			isa = XCBuildConfiguration;
			buildSettings = {
				BUNDLE_LOADER = "$(TEST_HOST)";
				INFOPLIST_FILE = DateAlterVIewTests/Info.plist;
				LD_RUNPATH_SEARCH_PATHS = "$(inherited) @executable_path/Frameworks @loader_path/Frameworks";
				PRODUCT_BUNDLE_IDENTIFIER = com.qwertyui.DateAlterVIewTests;
				PRODUCT_NAME = "$(TARGET_NAME)";
				TEST_HOST = "$(BUILT_PRODUCTS_DIR)/DateAlterVIew.app/DateAlterVIew";
			};
			name = Release;
		};
		F8172D171CEB1117000DEEBD /* Debug */ = {
			isa = XCBuildConfiguration;
			buildSettings = {
				INFOPLIST_FILE = DateAlterVIewUITests/Info.plist;
				LD_RUNPATH_SEARCH_PATHS = "$(inherited) @executable_path/Frameworks @loader_path/Frameworks";
				PRODUCT_BUNDLE_IDENTIFIER = com.qwertyui.DateAlterVIewUITests;
				PRODUCT_NAME = "$(TARGET_NAME)";
				TEST_TARGET_NAME = DateAlterVIew;
				USES_XCTRUNNER = YES;
			};
			name = Debug;
		};
		F8172D181CEB1117000DEEBD /* Release */ = {
			isa = XCBuildConfiguration;
			buildSettings = {
				INFOPLIST_FILE = DateAlterVIewUITests/Info.plist;
				LD_RUNPATH_SEARCH_PATHS = "$(inherited) @executable_path/Frameworks @loader_path/Frameworks";
				PRODUCT_BUNDLE_IDENTIFIER = com.qwertyui.DateAlterVIewUITests;
				PRODUCT_NAME = "$(TARGET_NAME)";
				TEST_TARGET_NAME = DateAlterVIew;
				USES_XCTRUNNER = YES;
			};
			name = Release;
		};
/* End XCBuildConfiguration section */

/* Begin XCConfigurationList section */
		F8172CDE1CEB1117000DEEBD /* Build configuration list for PBXProject "DateAlterVIew" */ = {
			isa = XCConfigurationList;
			buildConfigurations = (
				F8172D0E1CEB1117000DEEBD /* Debug */,
				F8172D0F1CEB1117000DEEBD /* Release */,
			);
			defaultConfigurationIsVisible = 0;
			defaultConfigurationName = Release;
		};
		F8172D101CEB1117000DEEBD /* Build configuration list for PBXNativeTarget "DateAlterVIew" */ = {
			isa = XCConfigurationList;
			buildConfigurations = (
				F8172D111CEB1117000DEEBD /* Debug */,
				F8172D121CEB1117000DEEBD /* Release */,
			);
			defaultConfigurationIsVisible = 0;
			defaultConfigurationName = Release;
		};
		F8172D131CEB1117000DEEBD /* Build configuration list for PBXNativeTarget "DateAlterVIewTests" */ = {
			isa = XCConfigurationList;
			buildConfigurations = (
				F8172D141CEB1117000DEEBD /* Debug */,
				F8172D151CEB1117000DEEBD /* Release */,
			);
			defaultConfigurationIsVisible = 0;
			defaultConfigurationName = Release;
		};
		F8172D161CEB1117000DEEBD /* Build configuration list for PBXNativeTarget "DateAlterVIewUITests" */ = {
			isa = XCConfigurationList;
			buildConfigurations = (
				F8172D171CEB1117000DEEBD /* Debug */,
				F8172D181CEB1117000DEEBD /* Release */,
			);
			defaultConfigurationIsVisible = 0;
			defaultConfigurationName = Release;
		};
/* End XCConfigurationList section */
	};
	rootObject = F8172CDB1CEB1117000DEEBD /* Project object */;
}
